
Microsoft Visual Studio Solution File, Format Version 12.00
# Visual Studio 2013
VisualStudioVersion = 12.0.40629.0
MinimumVisualStudioVersion = 10.0.40219.1
Project("{FAE04EC0-301F-11D3-BF4B-00C04F79EFBC}") = "Muldis.D.Ref_Eng", "src\Muldis.D.Ref_Eng\Muldis.D.Ref_Eng.csproj", "{29436A84-0CA2-4384-B56C-42458DC57897}"
EndProject
Project("{FAE04EC0-301F-11D3-BF4B-00C04F79EFBC}") = "Muldis.D.Ref_Eng.Console", "src\Muldis.D.Ref_Eng.Console\Muldis.D.Ref_Eng.Console.csproj", "{B5672A90-7005-4AFF-B0BC-4513BFBF05E8}"
EndProject
Project("{FAE04EC0-301F-11D3-BF4B-00C04F79EFBC}") = "Muldis.D.Ref_Eng.Test", "test\Muldis.D.Ref_Eng.Test\Muldis.D.Ref_Eng.Test.csproj", "{B9971BD0-C70F-4BF4-B192-3F24A00B37EC}"
EndProject
Global
	GlobalSection(SolutionConfigurationPlatforms) = preSolution
		Debug|Any CPU = Debug|Any CPU
		Release|Any CPU = Release|Any CPU
	EndGlobalSection
	GlobalSection(ProjectConfigurationPlatforms) = postSolution
		{29436A84-0CA2-4384-B56C-42458DC57897}.Debug|Any CPU.ActiveCfg = Debug|Any CPU
		{29436A84-0CA2-4384-B56C-42458DC57897}.Debug|Any CPU.Build.0 = Debug|Any CPU
		{29436A84-0CA2-4384-B56C-42458DC57897}.Release|Any CPU.ActiveCfg = Release|Any CPU
		{29436A84-0CA2-4384-B56C-42458DC57897}.Release|Any CPU.Build.0 = Release|Any CPU
		{B5672A90-7005-4AFF-B0BC-4513BFBF05E8}.Debug|Any CPU.ActiveCfg = Debug|Any CPU
		{B5672A90-7005-4AFF-B0BC-4513BFBF05E8}.Debug|Any CPU.Build.0 = Debug|Any CPU
		{B5672A90-7005-4AFF-B0BC-4513BFBF05E8}.Release|Any CPU.ActiveCfg = Release|Any CPU
		{B5672A90-7005-4AFF-B0BC-4513BFBF05E8}.Release|Any CPU.Build.0 = Release|Any CPU
		{B9971BD0-C70F-4BF4-B192-3F24A00B37EC}.Debug|Any CPU.ActiveCfg = Debug|Any CPU
		{B9971BD0-C70F-4BF4-B192-3F24A00B37EC}.Debug|Any CPU.Build.0 = Debug|Any CPU
		{B9971BD0-C70F-4BF4-B192-3F24A00B37EC}.Release|Any CPU.ActiveCfg = Release|Any CPU
		{B9971BD0-C70F-4BF4-B192-3F24A00B37EC}.Release|Any CPU.Build.0 = Release|Any CPU
	EndGlobalSection
	GlobalSection(SolutionProperties) = preSolution
		HideSolutionNode = FALSE
	EndGlobalSection
EndGlobal
