
Microsoft Visual Studio Solution File, Format Version 12.00
# Visual Studio 14
VisualStudioVersion = 14.0.25420.1
MinimumVisualStudioVersion = 10.0.40219.1
Project("{2150E333-8FDC-42A3-9474-1A3956D46DE8}") = "Solution Items", "Solution Items", "{B003DF70-CECF-4D38-B975-219DED412E37}"
	ProjectSection(SolutionItems) = preProject
		global.json = global.json
	EndProjectSection
EndProject
Project("{2150E333-8FDC-42A3-9474-1A3956D46DE8}") = "src", "src", "{A2B475A7-D062-4179-9757-CCC78CA5ED65}"
EndProject
Project("{8BB2217D-0F2D-49D1-97BC-3654ED321F3B}") = "Muldis.D.Ref_Eng", "src\Muldis.D.Ref_Eng\Muldis.D.Ref_Eng.xproj", "{29436A84-0CA2-4384-B56C-42458DC57897}"
EndProject
Project("{8BB2217D-0F2D-49D1-97BC-3654ED321F3B}") = "Muldis.D.Ref_Eng.Console", "src\Muldis.D.Ref_Eng.Console\Muldis.D.Ref_Eng.Console.xproj", "{B5672A90-7005-4AFF-B0BC-4513BFBF05E8}"
EndProject
Project("{2150E333-8FDC-42A3-9474-1A3956D46DE8}") = "test", "test", "{F880A31D-4CE0-4F86-960A-B8FE120D1031}"
EndProject
Project("{FAE04EC0-301F-11D3-BF4B-00C04F79EFBC}") = "Muldis.D.Ref_Eng.Test", "test\Muldis.D.Ref_Eng.Test\Muldis.D.Ref_Eng.Test.csproj", "{B9971BD0-C70F-4BF4-B192-3F24A00B37EC}"
EndProject
Global
	GlobalSection(SolutionConfigurationPlatforms) = preSolution
		Debug|Any CPU = Debug|Any CPU
		Release|Any CPU = Release|Any CPU
	EndGlobalSection
	GlobalSection(ProjectConfigurationPlatforms) = postSolution
		{29436A84-0CA2-4384-B56C-42458DC57897}.Debug|Any CPU.ActiveCfg = Debug|Any CPU
		{29436A84-0CA2-4384-B56C-42458DC57897}.Debug|Any CPU.Build.0 = Debug|Any CPU
		{29436A84-0CA2-4384-B56C-42458DC57897}.Release|Any CPU.ActiveCfg = Release|Any CPU
		{29436A84-0CA2-4384-B56C-42458DC57897}.Release|Any CPU.Build.0 = Release|Any CPU
		{B5672A90-7005-4AFF-B0BC-4513BFBF05E8}.Debug|Any CPU.ActiveCfg = Debug|Any CPU
		{B5672A90-7005-4AFF-B0BC-4513BFBF05E8}.Debug|Any CPU.Build.0 = Debug|Any CPU
		{B5672A90-7005-4AFF-B0BC-4513BFBF05E8}.Release|Any CPU.ActiveCfg = Release|Any CPU
		{B5672A90-7005-4AFF-B0BC-4513BFBF05E8}.Release|Any CPU.Build.0 = Release|Any CPU
		{B9971BD0-C70F-4BF4-B192-3F24A00B37EC}.Debug|Any CPU.ActiveCfg = Debug|Any CPU
		{B9971BD0-C70F-4BF4-B192-3F24A00B37EC}.Debug|Any CPU.Build.0 = Debug|Any CPU
		{B9971BD0-C70F-4BF4-B192-3F24A00B37EC}.Release|Any CPU.ActiveCfg = Release|Any CPU
		{B9971BD0-C70F-4BF4-B192-3F24A00B37EC}.Release|Any CPU.Build.0 = Release|Any CPU
	EndGlobalSection
	GlobalSection(SolutionProperties) = preSolution
		HideSolutionNode = FALSE
	EndGlobalSection
	GlobalSection(NestedProjects) = preSolution
		{29436A84-0CA2-4384-B56C-42458DC57897} = {A2B475A7-D062-4179-9757-CCC78CA5ED65}
		{B5672A90-7005-4AFF-B0BC-4513BFBF05E8} = {A2B475A7-D062-4179-9757-CCC78CA5ED65}
		{B9971BD0-C70F-4BF4-B192-3F24A00B37EC} = {F880A31D-4CE0-4F86-960A-B8FE120D1031}
	EndGlobalSection
EndGlobal
